// !$*UTF8*$!
{
	archiveVersion = 1;
	classes = {
	};
	objectVersion = 56;
	objects = {

/* Begin PBXBuildFile section */
		287F36582CDA2AED00DEFE0A /* SoundTouch.mm in Sources */ = {isa = PBXBuildFile; fileRef = 287F36562CDA2AED00DEFE0A /* SoundTouch.mm */; };
		287F367D2CDA2B1400DEFE0A /* AAFilter.cpp in Sources */ = {isa = PBXBuildFile; fileRef = 287F36622CDA2B1400DEFE0A /* AAFilter.cpp */; };
		287F367E2CDA2B1400DEFE0A /* BPMDetect.cpp in Sources */ = {isa = PBXBuildFile; fileRef = 287F36642CDA2B1400DEFE0A /* BPMDetect.cpp */; };
		287F367F2CDA2B1400DEFE0A /* cpu_detect_x86.cpp in Sources */ = {isa = PBXBuildFile; fileRef = 287F36652CDA2B1400DEFE0A /* cpu_detect_x86.cpp */; };
		287F36802CDA2B1400DEFE0A /* FIFOSampleBuffer.cpp in Sources */ = {isa = PBXBuildFile; fileRef = 287F36672CDA2B1400DEFE0A /* FIFOSampleBuffer.cpp */; };
		287F36812CDA2B1400DEFE0A /* FIRFilter.cpp in Sources */ = {isa = PBXBuildFile; fileRef = 287F36682CDA2B1400DEFE0A /* FIRFilter.cpp */; };
		287F36822CDA2B1400DEFE0A /* InterpolateCubic.cpp in Sources */ = {isa = PBXBuildFile; fileRef = 287F366A2CDA2B1400DEFE0A /* InterpolateCubic.cpp */; };
		287F36832CDA2B1400DEFE0A /* InterpolateLinear.cpp in Sources */ = {isa = PBXBuildFile; fileRef = 287F366C2CDA2B1400DEFE0A /* InterpolateLinear.cpp */; };
		287F36842CDA2B1400DEFE0A /* InterpolateShannon.cpp in Sources */ = {isa = PBXBuildFile; fileRef = 287F366E2CDA2B1400DEFE0A /* InterpolateShannon.cpp */; };
		287F36852CDA2B1400DEFE0A /* mmx_optimized.cpp in Sources */ = {isa = PBXBuildFile; fileRef = 287F36712CDA2B1400DEFE0A /* mmx_optimized.cpp */; };
		287F36862CDA2B1400DEFE0A /* PeakFinder.cpp in Sources */ = {isa = PBXBuildFile; fileRef = 287F36722CDA2B1400DEFE0A /* PeakFinder.cpp */; };
		287F36872CDA2B1400DEFE0A /* RateTransposer.cpp in Sources */ = {isa = PBXBuildFile; fileRef = 287F36742CDA2B1400DEFE0A /* RateTransposer.cpp */; };
		287F36882CDA2B1400DEFE0A /* SoundTouch.cpp in Sources */ = {isa = PBXBuildFile; fileRef = 287F36762CDA2B1400DEFE0A /* SoundTouch.cpp */; };
		287F36892CDA2B1400DEFE0A /* sse_optimized.cpp in Sources */ = {isa = PBXBuildFile; fileRef = 287F36792CDA2B1400DEFE0A /* sse_optimized.cpp */; };
		287F368A2CDA2B1400DEFE0A /* TDStretch.cpp in Sources */ = {isa = PBXBuildFile; fileRef = 287F367A2CDA2B1400DEFE0A /* TDStretch.cpp */; };
/* End PBXBuildFile section */

/* Begin PBXCopyFilesBuildPhase section */
		287F35EF2CDA29C400DEFE0A /* CopyFiles */ = {
			isa = PBXCopyFilesBuildPhase;
			buildActionMask = 2147483647;
			dstPath = "include/$(PRODUCT_NAME)";
			dstSubfolderSpec = 16;
			files = (
			);
			runOnlyForDeploymentPostprocessing = 0;
		};
/* End PBXCopyFilesBuildPhase section */

/* Begin PBXFileReference section */
		287F35F12CDA29C400DEFE0A /* libSoundTouch-iOS.a */ = {isa = PBXFileReference; explicitFileType = archive.ar; includeInIndex = 0; path = "libSoundTouch-iOS.a"; sourceTree = BUILT_PRODUCTS_DIR; };
		287F36562CDA2AED00DEFE0A /* SoundTouch.mm */ = {isa = PBXFileReference; fileEncoding = 4; lastKnownFileType = sourcecode.cpp.objcpp; name = SoundTouch.mm; path = ../SoundTouch.mm; sourceTree = "<group>"; };
		287F36572CDA2AED00DEFE0A /* SoundTouch.h */ = {isa = PBXFileReference; fileEncoding = 4; lastKnownFileType = sourcecode.c.h; name = SoundTouch.h; path = ../SoundTouch.h; sourceTree = "<group>"; };
		287F36592CDA2B0800DEFE0A /* BPMDetect.h */ = {isa = PBXFileReference; fileEncoding = 4; lastKnownFileType = sourcecode.c.h; path = BPMDetect.h; sourceTree = "<group>"; };
		287F365A2CDA2B0800DEFE0A /* FIFOSampleBuffer.h */ = {isa = PBXFileReference; fileEncoding = 4; lastKnownFileType = sourcecode.c.h; path = FIFOSampleBuffer.h; sourceTree = "<group>"; };
		287F365B2CDA2B0800DEFE0A /* FIFOSamplePipe.h */ = {isa = PBXFileReference; fileEncoding = 4; lastKnownFileType = sourcecode.c.h; path = FIFOSamplePipe.h; sourceTree = "<group>"; };
		287F365C2CDA2B0800DEFE0A /* Makefile.am */ = {isa = PBXFileReference; fileEncoding = 4; lastKnownFileType = text; path = Makefile.am; sourceTree = "<group>"; };
		287F365D2CDA2B0800DEFE0A /* soundtouch_config.h */ = {isa = PBXFileReference; fileEncoding = 4; lastKnownFileType = sourcecode.c.h; path = soundtouch_config.h; sourceTree = "<group>"; };
		287F365E2CDA2B0800DEFE0A /* soundtouch_config.h.in */ = {isa = PBXFileReference; fileEncoding = 4; lastKnownFileType = text; path = soundtouch_config.h.in; sourceTree = "<group>"; };
		287F365F2CDA2B0800DEFE0A /* SoundTouch.h */ = {isa = PBXFileReference; fileEncoding = 4; lastKnownFileType = sourcecode.c.h; path = SoundTouch.h; sourceTree = "<group>"; };
		287F36602CDA2B0800DEFE0A /* STTypes.h */ = {isa = PBXFileReference; fileEncoding = 4; lastKnownFileType = sourcecode.c.h; path = STTypes.h; sourceTree = "<group>"; };
		287F36622CDA2B1400DEFE0A /* AAFilter.cpp */ = {isa = PBXFileReference; fileEncoding = 4; lastKnownFileType = sourcecode.cpp.cpp; path = AAFilter.cpp; sourceTree = "<group>"; };
		287F36632CDA2B1400DEFE0A /* AAFilter.h */ = {isa = PBXFileReference; fileEncoding = 4; lastKnownFileType = sourcecode.c.h; path = AAFilter.h; sourceTree = "<group>"; };
		287F36642CDA2B1400DEFE0A /* BPMDetect.cpp */ = {isa = PBXFileReference; fileEncoding = 4; lastKnownFileType = sourcecode.cpp.cpp; path = BPMDetect.cpp; sourceTree = "<group>"; };
		287F36652CDA2B1400DEFE0A /* cpu_detect_x86.cpp */ = {isa = PBXFileReference; fileEncoding = 4; lastKnownFileType = sourcecode.cpp.cpp; path = cpu_detect_x86.cpp; sourceTree = "<group>"; };
		287F36662CDA2B1400DEFE0A /* cpu_detect.h */ = {isa = PBXFileReference; fileEncoding = 4; lastKnownFileType = sourcecode.c.h; path = cpu_detect.h; sourceTree = "<group>"; };
		287F36672CDA2B1400DEFE0A /* FIFOSampleBuffer.cpp */ = {isa = PBXFileReference; fileEncoding = 4; lastKnownFileType = sourcecode.cpp.cpp; path = FIFOSampleBuffer.cpp; sourceTree = "<group>"; };
		287F36682CDA2B1400DEFE0A /* FIRFilter.cpp */ = {isa = PBXFileReference; fileEncoding = 4; lastKnownFileType = sourcecode.cpp.cpp; path = FIRFilter.cpp; sourceTree = "<group>"; };
		287F36692CDA2B1400DEFE0A /* FIRFilter.h */ = {isa = PBXFileReference; fileEncoding = 4; lastKnownFileType = sourcecode.c.h; path = FIRFilter.h; sourceTree = "<group>"; };
		287F366A2CDA2B1400DEFE0A /* InterpolateCubic.cpp */ = {isa = PBXFileReference; fileEncoding = 4; lastKnownFileType = sourcecode.cpp.cpp; path = InterpolateCubic.cpp; sourceTree = "<group>"; };
		287F366B2CDA2B1400DEFE0A /* InterpolateCubic.h */ = {isa = PBXFileReference; fileEncoding = 4; lastKnownFileType = sourcecode.c.h; path = InterpolateCubic.h; sourceTree = "<group>"; };
		287F366C2CDA2B1400DEFE0A /* InterpolateLinear.cpp */ = {isa = PBXFileReference; fileEncoding = 4; lastKnownFileType = sourcecode.cpp.cpp; path = InterpolateLinear.cpp; sourceTree = "<group>"; };
		287F366D2CDA2B1400DEFE0A /* InterpolateLinear.h */ = {isa = PBXFileReference; fileEncoding = 4; lastKnownFileType = sourcecode.c.h; path = InterpolateLinear.h; sourceTree = "<group>"; };
		287F366E2CDA2B1400DEFE0A /* InterpolateShannon.cpp */ = {isa = PBXFileReference; fileEncoding = 4; lastKnownFileType = sourcecode.cpp.cpp; path = InterpolateShannon.cpp; sourceTree = "<group>"; };
		287F366F2CDA2B1400DEFE0A /* InterpolateShannon.h */ = {isa = PBXFileReference; fileEncoding = 4; lastKnownFileType = sourcecode.c.h; path = InterpolateShannon.h; sourceTree = "<group>"; };
		287F36702CDA2B1400DEFE0A /* Makefile.am */ = {isa = PBXFileReference; fileEncoding = 4; lastKnownFileType = text; path = Makefile.am; sourceTree = "<group>"; };
		287F36712CDA2B1400DEFE0A /* mmx_optimized.cpp */ = {isa = PBXFileReference; fileEncoding = 4; lastKnownFileType = sourcecode.cpp.cpp; path = mmx_optimized.cpp; sourceTree = "<group>"; };
		287F36722CDA2B1400DEFE0A /* PeakFinder.cpp */ = {isa = PBXFileReference; fileEncoding = 4; lastKnownFileType = sourcecode.cpp.cpp; path = PeakFinder.cpp; sourceTree = "<group>"; };
		287F36732CDA2B1400DEFE0A /* PeakFinder.h */ = {isa = PBXFileReference; fileEncoding = 4; lastKnownFileType = sourcecode.c.h; path = PeakFinder.h; sourceTree = "<group>"; };
		287F36742CDA2B1400DEFE0A /* RateTransposer.cpp */ = {isa = PBXFileReference; fileEncoding = 4; lastKnownFileType = sourcecode.cpp.cpp; path = RateTransposer.cpp; sourceTree = "<group>"; };
		287F36752CDA2B1400DEFE0A /* RateTransposer.h */ = {isa = PBXFileReference; fileEncoding = 4; lastKnownFileType = sourcecode.c.h; path = RateTransposer.h; sourceTree = "<group>"; };
		287F36762CDA2B1400DEFE0A /* SoundTouch.cpp */ = {isa = PBXFileReference; fileEncoding = 4; lastKnownFileType = sourcecode.cpp.cpp; path = SoundTouch.cpp; sourceTree = "<group>"; };
		287F36772CDA2B1400DEFE0A /* SoundTouch.sln */ = {isa = PBXFileReference; fileEncoding = 4; lastKnownFileType = text; path = SoundTouch.sln; sourceTree = "<group>"; };
		287F36782CDA2B1400DEFE0A /* SoundTouch.vcxproj */ = {isa = PBXFileReference; fileEncoding = 4; lastKnownFileType = text.xml; path = SoundTouch.vcxproj; sourceTree = "<group>"; };
		287F36792CDA2B1400DEFE0A /* sse_optimized.cpp */ = {isa = PBXFileReference; fileEncoding = 4; lastKnownFileType = sourcecode.cpp.cpp; path = sse_optimized.cpp; sourceTree = "<group>"; };
		287F367A2CDA2B1400DEFE0A /* TDStretch.cpp */ = {isa = PBXFileReference; fileEncoding = 4; lastKnownFileType = sourcecode.cpp.cpp; path = TDStretch.cpp; sourceTree = "<group>"; };
		287F367B2CDA2B1400DEFE0A /* TDStretch.h */ = {isa = PBXFileReference; fileEncoding = 4; lastKnownFileType = sourcecode.c.h; path = TDStretch.h; sourceTree = "<group>"; };
/* End PBXFileReference section */

/* Begin PBXFrameworksBuildPhase section */
		287F35EE2CDA29C400DEFE0A /* Frameworks */ = {
			isa = PBXFrameworksBuildPhase;
			buildActionMask = 2147483647;
			files = (
			);
			runOnlyForDeploymentPostprocessing = 0;
		};
/* End PBXFrameworksBuildPhase section */

/* Begin PBXGroup section */
		287F35E82CDA29C400DEFE0A = {
			isa = PBXGroup;
			children = (
				287F36612CDA2B0800DEFE0A /* include */,
				287F367C2CDA2B1400DEFE0A /* SoundTouch */,
				287F36572CDA2AED00DEFE0A /* SoundTouch.h */,
				287F36562CDA2AED00DEFE0A /* SoundTouch.mm */,
				287F35F22CDA29C400DEFE0A /* Products */,
			);
			sourceTree = "<group>";
		};
		287F35F22CDA29C400DEFE0A /* Products */ = {
			isa = PBXGroup;
			children = (
				287F35F12CDA29C400DEFE0A /* libSoundTouch-iOS.a */,
			);
			name = Products;
			sourceTree = "<group>";
		};
		287F36612CDA2B0800DEFE0A /* include */ = {
			isa = PBXGroup;
			children = (
				287F36592CDA2B0800DEFE0A /* BPMDetect.h */,
				287F365A2CDA2B0800DEFE0A /* FIFOSampleBuffer.h */,
				287F365B2CDA2B0800DEFE0A /* FIFOSamplePipe.h */,
				287F365C2CDA2B0800DEFE0A /* Makefile.am */,
				287F365D2CDA2B0800DEFE0A /* soundtouch_config.h */,
				287F365E2CDA2B0800DEFE0A /* soundtouch_config.h.in */,
				287F365F2CDA2B0800DEFE0A /* SoundTouch.h */,
				287F36602CDA2B0800DEFE0A /* STTypes.h */,
			);
			name = include;
			path = ../../soundtouch/include;
			sourceTree = "<group>";
		};
		287F367C2CDA2B1400DEFE0A /* SoundTouch */ = {
			isa = PBXGroup;
			children = (
				287F36622CDA2B1400DEFE0A /* AAFilter.cpp */,
				287F36632CDA2B1400DEFE0A /* AAFilter.h */,
				287F36642CDA2B1400DEFE0A /* BPMDetect.cpp */,
				287F36652CDA2B1400DEFE0A /* cpu_detect_x86.cpp */,
				287F36662CDA2B1400DEFE0A /* cpu_detect.h */,
				287F36672CDA2B1400DEFE0A /* FIFOSampleBuffer.cpp */,
				287F36682CDA2B1400DEFE0A /* FIRFilter.cpp */,
				287F36692CDA2B1400DEFE0A /* FIRFilter.h */,
				287F366A2CDA2B1400DEFE0A /* InterpolateCubic.cpp */,
				287F366B2CDA2B1400DEFE0A /* InterpolateCubic.h */,
				287F366C2CDA2B1400DEFE0A /* InterpolateLinear.cpp */,
				287F366D2CDA2B1400DEFE0A /* InterpolateLinear.h */,
				287F366E2CDA2B1400DEFE0A /* InterpolateShannon.cpp */,
				287F366F2CDA2B1400DEFE0A /* InterpolateShannon.h */,
				287F36702CDA2B1400DEFE0A /* Makefile.am */,
				287F36712CDA2B1400DEFE0A /* mmx_optimized.cpp */,
				287F36722CDA2B1400DEFE0A /* PeakFinder.cpp */,
				287F36732CDA2B1400DEFE0A /* PeakFinder.h */,
				287F36742CDA2B1400DEFE0A /* RateTransposer.cpp */,
				287F36752CDA2B1400DEFE0A /* RateTransposer.h */,
				287F36762CDA2B1400DEFE0A /* SoundTouch.cpp */,
				287F36772CDA2B1400DEFE0A /* SoundTouch.sln */,
				287F36782CDA2B1400DEFE0A /* SoundTouch.vcxproj */,
				287F36792CDA2B1400DEFE0A /* sse_optimized.cpp */,
				287F367A2CDA2B1400DEFE0A /* TDStretch.cpp */,
				287F367B2CDA2B1400DEFE0A /* TDStretch.h */,
			);
			name = SoundTouch;
			path = ../../soundtouch/source/SoundTouch;
			sourceTree = "<group>";
		};
/* End PBXGroup section */

/* Begin PBXNativeTarget section */
		287F35F02CDA29C400DEFE0A /* SoundTouch-iOS */ = {
			isa = PBXNativeTarget;
			buildConfigurationList = 287F35FA2CDA29C400DEFE0A /* Build configuration list for PBXNativeTarget "SoundTouch-iOS" */;
			buildPhases = (
				287F35ED2CDA29C400DEFE0A /* Sources */,
				287F35EE2CDA29C400DEFE0A /* Frameworks */,
				287F35EF2CDA29C400DEFE0A /* CopyFiles */,
			);
			buildRules = (
			);
			dependencies = (
			);
			name = "SoundTouch-iOS";
			productName = "SoundTouch-iOS";
			productReference = 287F35F12CDA29C400DEFE0A /* libSoundTouch-iOS.a */;
			productType = "com.apple.product-type.library.static";
		};
/* End PBXNativeTarget section */

/* Begin PBXProject section */
		287F35E92CDA29C400DEFE0A /* Project object */ = {
			isa = PBXProject;
			attributes = {
				BuildIndependentTargetsInParallel = 1;
				LastUpgradeCheck = 1530;
				TargetAttributes = {
					287F35F02CDA29C400DEFE0A = {
						CreatedOnToolsVersion = 15.3;
					};
				};
			};
			buildConfigurationList = 287F35EC2CDA29C400DEFE0A /* Build configuration list for PBXProject "SoundTouch-iOS" */;
			compatibilityVersion = "Xcode 14.0";
			developmentRegion = en;
			hasScannedForEncodings = 0;
			knownRegions = (
				en,
				Base,
			);
			mainGroup = 287F35E82CDA29C400DEFE0A;
			productRefGroup = 287F35F22CDA29C400DEFE0A /* Products */;
			projectDirPath = "";
			projectRoot = "";
			targets = (
				287F35F02CDA29C400DEFE0A /* SoundTouch-iOS */,
			);
		};
/* End PBXProject section */

/* Begin PBXSourcesBuildPhase section */
		287F35ED2CDA29C400DEFE0A /* Sources */ = {
			isa = PBXSourcesBuildPhase;
			buildActionMask = 2147483647;
			files = (
				287F36882CDA2B1400DEFE0A /* SoundTouch.cpp in Sources */,
				287F36852CDA2B1400DEFE0A /* mmx_optimized.cpp in Sources */,
				287F368A2CDA2B1400DEFE0A /* TDStretch.cpp in Sources */,
				287F36842CDA2B1400DEFE0A /* InterpolateShannon.cpp in Sources */,
				287F36832CDA2B1400DEFE0A /* InterpolateLinear.cpp in Sources */,
				287F367F2CDA2B1400DEFE0A /* cpu_detect_x86.cpp in Sources */,
				287F36872CDA2B1400DEFE0A /* RateTransposer.cpp in Sources */,
				287F36802CDA2B1400DEFE0A /* FIFOSampleBuffer.cpp in Sources */,
				287F36892CDA2B1400DEFE0A /* sse_optimized.cpp in Sources */,
				287F367E2CDA2B1400DEFE0A /* BPMDetect.cpp in Sources */,
				287F36812CDA2B1400DEFE0A /* FIRFilter.cpp in Sources */,
				287F36582CDA2AED00DEFE0A /* SoundTouch.mm in Sources */,
				287F36822CDA2B1400DEFE0A /* InterpolateCubic.cpp in Sources */,
				287F367D2CDA2B1400DEFE0A /* AAFilter.cpp in Sources */,
				287F36862CDA2B1400DEFE0A /* PeakFinder.cpp in Sources */,
			);
			runOnlyForDeploymentPostprocessing = 0;
		};
/* End PBXSourcesBuildPhase section */

/* Begin XCBuildConfiguration section */
		287F35F82CDA29C400DEFE0A /* Debug */ = {
			isa = XCBuildConfiguration;
			buildSettings = {
				ALWAYS_SEARCH_USER_PATHS = NO;
				ASSETCATALOG_COMPILER_GENERATE_SWIFT_ASSET_SYMBOL_EXTENSIONS = YES;
				CLANG_ANALYZER_NONNULL = YES;
				CLANG_ANALYZER_NUMBER_OBJECT_CONVERSION = YES_AGGRESSIVE;
				CLANG_CXX_LANGUAGE_STANDARD = "gnu++20";
				CLANG_ENABLE_MODULES = YES;
				CLANG_ENABLE_OBJC_ARC = YES;
				CLANG_ENABLE_OBJC_WEAK = YES;
				CLANG_WARN_BLOCK_CAPTURE_AUTORELEASING = YES;
				CLANG_WARN_BOOL_CONVERSION = YES;
				CLANG_WARN_COMMA = YES;
				CLANG_WARN_CONSTANT_CONVERSION = YES;
				CLANG_WARN_DEPRECATED_OBJC_IMPLEMENTATIONS = YES;
				CLANG_WARN_DIRECT_OBJC_ISA_USAGE = YES_ERROR;
				CLANG_WARN_DOCUMENTATION_COMMENTS = YES;
				CLANG_WARN_EMPTY_BODY = YES;
				CLANG_WARN_ENUM_CONVERSION = YES;
				CLANG_WARN_INFINITE_RECURSION = YES;
				CLANG_WARN_INT_CONVERSION = YES;
				CLANG_WARN_NON_LITERAL_NULL_CONVERSION = YES;
				CLANG_WARN_OBJC_IMPLICIT_RETAIN_SELF = YES;
				CLANG_WARN_OBJC_LITERAL_CONVERSION = YES;
				CLANG_WARN_OBJC_ROOT_CLASS = YES_ERROR;
				CLANG_WARN_QUOTED_INCLUDE_IN_FRAMEWORK_HEADER = YES;
				CLANG_WARN_RANGE_LOOP_ANALYSIS = YES;
				CLANG_WARN_STRICT_PROTOTYPES = YES;
				CLANG_WARN_SUSPICIOUS_MOVE = YES;
				CLANG_WARN_UNGUARDED_AVAILABILITY = YES_AGGRESSIVE;
				CLANG_WARN_UNREACHABLE_CODE = YES;
				CLANG_WARN__DUPLICATE_METHOD_MATCH = YES;
				COPY_PHASE_STRIP = NO;
				DEBUG_INFORMATION_FORMAT = dwarf;
				ENABLE_STRICT_OBJC_MSGSEND = YES;
				ENABLE_TESTABILITY = YES;
				ENABLE_USER_SCRIPT_SANDBOXING = YES;
				GCC_C_LANGUAGE_STANDARD = gnu17;
				GCC_DYNAMIC_NO_PIC = NO;
				GCC_NO_COMMON_BLOCKS = YES;
				GCC_OPTIMIZATION_LEVEL = 0;
				GCC_PREPROCESSOR_DEFINITIONS = (
					"DEBUG=1",
					"$(inherited)",
				);
				GCC_WARN_64_TO_32_BIT_CONVERSION = YES;
				GCC_WARN_ABOUT_RETURN_TYPE = YES_ERROR;
				GCC_WARN_UNDECLARED_SELECTOR = YES;
				GCC_WARN_UNINITIALIZED_AUTOS = YES_AGGRESSIVE;
				GCC_WARN_UNUSED_FUNCTION = YES;
				GCC_WARN_UNUSED_VARIABLE = YES;
				IPHONEOS_DEPLOYMENT_TARGET = 17.4;
				LOCALIZATION_PREFERS_STRING_CATALOGS = YES;
				MTL_ENABLE_DEBUG_INFO = INCLUDE_SOURCE;
				MTL_FAST_MATH = YES;
				ONLY_ACTIVE_ARCH = YES;
				SDKROOT = iphoneos;
			};
			name = Debug;
		};
		287F35F92CDA29C400DEFE0A /* Release */ = {
			isa = XCBuildConfiguration;
			buildSettings = {
				ALWAYS_SEARCH_USER_PATHS = NO;
				ASSETCATALOG_COMPILER_GENERATE_SWIFT_ASSET_SYMBOL_EXTENSIONS = YES;
				CLANG_ANALYZER_NONNULL = YES;
				CLANG_ANALYZER_NUMBER_OBJECT_CONVERSION = YES_AGGRESSIVE;
				CLANG_CXX_LANGUAGE_STANDARD = "gnu++20";
				CLANG_ENABLE_MODULES = YES;
				CLANG_ENABLE_OBJC_ARC = YES;
				CLANG_ENABLE_OBJC_WEAK = YES;
				CLANG_WARN_BLOCK_CAPTURE_AUTORELEASING = YES;
				CLANG_WARN_BOOL_CONVERSION = YES;
				CLANG_WARN_COMMA = YES;
				CLANG_WARN_CONSTANT_CONVERSION = YES;
				CLANG_WARN_DEPRECATED_OBJC_IMPLEMENTATIONS = YES;
				CLANG_WARN_DIRECT_OBJC_ISA_USAGE = YES_ERROR;
				CLANG_WARN_DOCUMENTATION_COMMENTS = YES;
				CLANG_WARN_EMPTY_BODY = YES;
				CLANG_WARN_ENUM_CONVERSION = YES;
				CLANG_WARN_INFINITE_RECURSION = YES;
				CLANG_WARN_INT_CONVERSION = YES;
				CLANG_WARN_NON_LITERAL_NULL_CONVERSION = YES;
				CLANG_WARN_OBJC_IMPLICIT_RETAIN_SELF = YES;
				CLANG_WARN_OBJC_LITERAL_CONVERSION = YES;
				CLANG_WARN_OBJC_ROOT_CLASS = YES_ERROR;
				CLANG_WARN_QUOTED_INCLUDE_IN_FRAMEWORK_HEADER = YES;
				CLANG_WARN_RANGE_LOOP_ANALYSIS = YES;
				CLANG_WARN_STRICT_PROTOTYPES = YES;
				CLANG_WARN_SUSPICIOUS_MOVE = YES;
				CLANG_WARN_UNGUARDED_AVAILABILITY = YES_AGGRESSIVE;
				CLANG_WARN_UNREACHABLE_CODE = YES;
				CLANG_WARN__DUPLICATE_METHOD_MATCH = YES;
				COPY_PHASE_STRIP = NO;
				DEBUG_INFORMATION_FORMAT = "dwarf-with-dsym";
				ENABLE_NS_ASSERTIONS = NO;
				ENABLE_STRICT_OBJC_MSGSEND = YES;
				ENABLE_USER_SCRIPT_SANDBOXING = YES;
				GCC_C_LANGUAGE_STANDARD = gnu17;
				GCC_NO_COMMON_BLOCKS = YES;
				GCC_WARN_64_TO_32_BIT_CONVERSION = YES;
				GCC_WARN_ABOUT_RETURN_TYPE = YES_ERROR;
				GCC_WARN_UNDECLARED_SELECTOR = YES;
				GCC_WARN_UNINITIALIZED_AUTOS = YES_AGGRESSIVE;
				GCC_WARN_UNUSED_FUNCTION = YES;
				GCC_WARN_UNUSED_VARIABLE = YES;
				IPHONEOS_DEPLOYMENT_TARGET = 17.4;
				LOCALIZATION_PREFERS_STRING_CATALOGS = YES;
				MTL_ENABLE_DEBUG_INFO = NO;
				MTL_FAST_MATH = YES;
				SDKROOT = iphoneos;
				VALIDATE_PRODUCT = YES;
			};
			name = Release;
		};
		287F35FB2CDA29C400DEFE0A /* Debug */ = {
			isa = XCBuildConfiguration;
			buildSettings = {
				CODE_SIGN_STYLE = Automatic;
				OTHER_LDFLAGS = "-ObjC";
				PRODUCT_NAME = "$(TARGET_NAME)";
				SKIP_INSTALL = YES;
				TARGETED_DEVICE_FAMILY = "1,2";
			};
			name = Debug;
		};
		287F35FC2CDA29C400DEFE0A /* Release */ = {
			isa = XCBuildConfiguration;
			buildSettings = {
				CODE_SIGN_STYLE = Automatic;
				OTHER_LDFLAGS = "-ObjC";
				PRODUCT_NAME = "$(TARGET_NAME)";
				SKIP_INSTALL = YES;
				TARGETED_DEVICE_FAMILY = "1,2";
			};
			name = Release;
		};
/* End XCBuildConfiguration section */

/* Begin XCConfigurationList section */
		287F35EC2CDA29C400DEFE0A /* Build configuration list for PBXProject "SoundTouch-iOS" */ = {
			isa = XCConfigurationList;
			buildConfigurations = (
				287F35F82CDA29C400DEFE0A /* Debug */,
				287F35F92CDA29C400DEFE0A /* Release */,
			);
			defaultConfigurationIsVisible = 0;
			defaultConfigurationName = Release;
		};
		287F35FA2CDA29C400DEFE0A /* Build configuration list for PBXNativeTarget "SoundTouch-iOS" */ = {
			isa = XCConfigurationList;
			buildConfigurations = (
				287F35FB2CDA29C400DEFE0A /* Debug */,
				287F35FC2CDA29C400DEFE0A /* Release */,
			);
			defaultConfigurationIsVisible = 0;
			defaultConfigurationName = Release;
		};
/* End XCConfigurationList section */
	};
	rootObject = 287F35E92CDA29C400DEFE0A /* Project object */;
}
