// !$*UTF8*$!
{
	archiveVersion = 1;
	classes = {
	};
	objectVersion = 56;
	objects = {

/* Begin PBXBuildFile section */
		287F35CC2CDA284200DEFE0A /* AAFilter.cpp in Sources */ = {isa = PBXBuildFile; fileRef = 287F35B12CDA284200DEFE0A /* AAFilter.cpp */; };
		287F35CD2CDA284200DEFE0A /* BPMDetect.cpp in Sources */ = {isa = PBXBuildFile; fileRef = 287F35B32CDA284200DEFE0A /* BPMDetect.cpp */; };
		287F35CE2CDA284200DEFE0A /* cpu_detect_x86.cpp in Sources */ = {isa = PBXBuildFile; fileRef = 287F35B42CDA284200DEFE0A /* cpu_detect_x86.cpp */; };
		287F35CF2CDA284200DEFE0A /* FIFOSampleBuffer.cpp in Sources */ = {isa = PBXBuildFile; fileRef = 287F35B62CDA284200DEFE0A /* FIFOSampleBuffer.cpp */; };
		287F35D02CDA284200DEFE0A /* FIRFilter.cpp in Sources */ = {isa = PBXBuildFile; fileRef = 287F35B72CDA284200DEFE0A /* FIRFilter.cpp */; };
		287F35D12CDA284200DEFE0A /* InterpolateCubic.cpp in Sources */ = {isa = PBXBuildFile; fileRef = 287F35B92CDA284200DEFE0A /* InterpolateCubic.cpp */; };
		287F35D22CDA284200DEFE0A /* InterpolateLinear.cpp in Sources */ = {isa = PBXBuildFile; fileRef = 287F35BB2CDA284200DEFE0A /* InterpolateLinear.cpp */; };
		287F35D32CDA284200DEFE0A /* InterpolateShannon.cpp in Sources */ = {isa = PBXBuildFile; fileRef = 287F35BD2CDA284200DEFE0A /* InterpolateShannon.cpp */; };
		287F35D52CDA284200DEFE0A /* mmx_optimized.cpp in Sources */ = {isa = PBXBuildFile; fileRef = 287F35C02CDA284200DEFE0A /* mmx_optimized.cpp */; };
		287F35D62CDA284200DEFE0A /* PeakFinder.cpp in Sources */ = {isa = PBXBuildFile; fileRef = 287F35C12CDA284200DEFE0A /* PeakFinder.cpp */; };
		287F35D72CDA284200DEFE0A /* RateTransposer.cpp in Sources */ = {isa = PBXBuildFile; fileRef = 287F35C32CDA284200DEFE0A /* RateTransposer.cpp */; };
		287F35D82CDA284200DEFE0A /* SoundTouch.cpp in Sources */ = {isa = PBXBuildFile; fileRef = 287F35C52CDA284200DEFE0A /* SoundTouch.cpp */; };
		287F35DB2CDA284200DEFE0A /* sse_optimized.cpp in Sources */ = {isa = PBXBuildFile; fileRef = 287F35C82CDA284200DEFE0A /* sse_optimized.cpp */; };
		287F35DC2CDA284200DEFE0A /* TDStretch.cpp in Sources */ = {isa = PBXBuildFile; fileRef = 287F35C92CDA284200DEFE0A /* TDStretch.cpp */; };
		287F368D2CDA2B1B00DEFE0A /* SoundTouch.mm in Sources */ = {isa = PBXBuildFile; fileRef = 287F368C2CDA2B1B00DEFE0A /* SoundTouch.mm */; };
/* End PBXBuildFile section */

/* Begin PBXFileReference section */
		287F34CF2CDA27D300DEFE0A /* SoundTouch-Mac.bundle */ = {isa = PBXFileReference; explicitFileType = wrapper.cfbundle; includeInIndex = 0; path = "SoundTouch-Mac.bundle"; sourceTree = BUILT_PRODUCTS_DIR; };
		287F35B12CDA284200DEFE0A /* AAFilter.cpp */ = {isa = PBXFileReference; fileEncoding = 4; lastKnownFileType = sourcecode.cpp.cpp; path = AAFilter.cpp; sourceTree = "<group>"; };
		287F35B22CDA284200DEFE0A /* AAFilter.h */ = {isa = PBXFileReference; fileEncoding = 4; lastKnownFileType = sourcecode.c.h; path = AAFilter.h; sourceTree = "<group>"; };
		287F35B32CDA284200DEFE0A /* BPMDetect.cpp */ = {isa = PBXFileReference; fileEncoding = 4; lastKnownFileType = sourcecode.cpp.cpp; path = BPMDetect.cpp; sourceTree = "<group>"; };
		287F35B42CDA284200DEFE0A /* cpu_detect_x86.cpp */ = {isa = PBXFileReference; fileEncoding = 4; lastKnownFileType = sourcecode.cpp.cpp; path = cpu_detect_x86.cpp; sourceTree = "<group>"; };
		287F35B52CDA284200DEFE0A /* cpu_detect.h */ = {isa = PBXFileReference; fileEncoding = 4; lastKnownFileType = sourcecode.c.h; path = cpu_detect.h; sourceTree = "<group>"; };
		287F35B62CDA284200DEFE0A /* FIFOSampleBuffer.cpp */ = {isa = PBXFileReference; fileEncoding = 4; lastKnownFileType = sourcecode.cpp.cpp; path = FIFOSampleBuffer.cpp; sourceTree = "<group>"; };
		287F35B72CDA284200DEFE0A /* FIRFilter.cpp */ = {isa = PBXFileReference; fileEncoding = 4; lastKnownFileType = sourcecode.cpp.cpp; path = FIRFilter.cpp; sourceTree = "<group>"; };
		287F35B82CDA284200DEFE0A /* FIRFilter.h */ = {isa = PBXFileReference; fileEncoding = 4; lastKnownFileType = sourcecode.c.h; path = FIRFilter.h; sourceTree = "<group>"; };
		287F35B92CDA284200DEFE0A /* InterpolateCubic.cpp */ = {isa = PBXFileReference; fileEncoding = 4; lastKnownFileType = sourcecode.cpp.cpp; path = InterpolateCubic.cpp; sourceTree = "<group>"; };
		287F35BA2CDA284200DEFE0A /* InterpolateCubic.h */ = {isa = PBXFileReference; fileEncoding = 4; lastKnownFileType = sourcecode.c.h; path = InterpolateCubic.h; sourceTree = "<group>"; };
		287F35BB2CDA284200DEFE0A /* InterpolateLinear.cpp */ = {isa = PBXFileReference; fileEncoding = 4; lastKnownFileType = sourcecode.cpp.cpp; path = InterpolateLinear.cpp; sourceTree = "<group>"; };
		287F35BC2CDA284200DEFE0A /* InterpolateLinear.h */ = {isa = PBXFileReference; fileEncoding = 4; lastKnownFileType = sourcecode.c.h; path = InterpolateLinear.h; sourceTree = "<group>"; };
		287F35BD2CDA284200DEFE0A /* InterpolateShannon.cpp */ = {isa = PBXFileReference; fileEncoding = 4; lastKnownFileType = sourcecode.cpp.cpp; path = InterpolateShannon.cpp; sourceTree = "<group>"; };
		287F35BE2CDA284200DEFE0A /* InterpolateShannon.h */ = {isa = PBXFileReference; fileEncoding = 4; lastKnownFileType = sourcecode.c.h; path = InterpolateShannon.h; sourceTree = "<group>"; };
		287F35BF2CDA284200DEFE0A /* Makefile.am */ = {isa = PBXFileReference; fileEncoding = 4; lastKnownFileType = text; path = Makefile.am; sourceTree = "<group>"; };
		287F35C02CDA284200DEFE0A /* mmx_optimized.cpp */ = {isa = PBXFileReference; fileEncoding = 4; lastKnownFileType = sourcecode.cpp.cpp; path = mmx_optimized.cpp; sourceTree = "<group>"; };
		287F35C12CDA284200DEFE0A /* PeakFinder.cpp */ = {isa = PBXFileReference; fileEncoding = 4; lastKnownFileType = sourcecode.cpp.cpp; path = PeakFinder.cpp; sourceTree = "<group>"; };
		287F35C22CDA284200DEFE0A /* PeakFinder.h */ = {isa = PBXFileReference; fileEncoding = 4; lastKnownFileType = sourcecode.c.h; path = PeakFinder.h; sourceTree = "<group>"; };
		287F35C32CDA284200DEFE0A /* RateTransposer.cpp */ = {isa = PBXFileReference; fileEncoding = 4; lastKnownFileType = sourcecode.cpp.cpp; path = RateTransposer.cpp; sourceTree = "<group>"; };
		287F35C42CDA284200DEFE0A /* RateTransposer.h */ = {isa = PBXFileReference; fileEncoding = 4; lastKnownFileType = sourcecode.c.h; path = RateTransposer.h; sourceTree = "<group>"; };
		287F35C52CDA284200DEFE0A /* SoundTouch.cpp */ = {isa = PBXFileReference; fileEncoding = 4; lastKnownFileType = sourcecode.cpp.cpp; path = SoundTouch.cpp; sourceTree = "<group>"; };
		287F35C62CDA284200DEFE0A /* SoundTouch.sln */ = {isa = PBXFileReference; fileEncoding = 4; lastKnownFileType = text; path = SoundTouch.sln; sourceTree = "<group>"; };
		287F35C72CDA284200DEFE0A /* SoundTouch.vcxproj */ = {isa = PBXFileReference; fileEncoding = 4; lastKnownFileType = text.xml; path = SoundTouch.vcxproj; sourceTree = "<group>"; };
		287F35C82CDA284200DEFE0A /* sse_optimized.cpp */ = {isa = PBXFileReference; fileEncoding = 4; lastKnownFileType = sourcecode.cpp.cpp; path = sse_optimized.cpp; sourceTree = "<group>"; };
		287F35C92CDA284200DEFE0A /* TDStretch.cpp */ = {isa = PBXFileReference; fileEncoding = 4; lastKnownFileType = sourcecode.cpp.cpp; path = TDStretch.cpp; sourceTree = "<group>"; };
		287F35CA2CDA284200DEFE0A /* TDStretch.h */ = {isa = PBXFileReference; fileEncoding = 4; lastKnownFileType = sourcecode.c.h; path = TDStretch.h; sourceTree = "<group>"; };
		287F35DD2CDA285000DEFE0A /* BPMDetect.h */ = {isa = PBXFileReference; fileEncoding = 4; lastKnownFileType = sourcecode.c.h; path = BPMDetect.h; sourceTree = "<group>"; };
		287F35DE2CDA285000DEFE0A /* FIFOSampleBuffer.h */ = {isa = PBXFileReference; fileEncoding = 4; lastKnownFileType = sourcecode.c.h; path = FIFOSampleBuffer.h; sourceTree = "<group>"; };
		287F35DF2CDA285000DEFE0A /* FIFOSamplePipe.h */ = {isa = PBXFileReference; fileEncoding = 4; lastKnownFileType = sourcecode.c.h; path = FIFOSamplePipe.h; sourceTree = "<group>"; };
		287F35E02CDA285000DEFE0A /* Makefile.am */ = {isa = PBXFileReference; fileEncoding = 4; lastKnownFileType = text; path = Makefile.am; sourceTree = "<group>"; };
		287F35E12CDA285000DEFE0A /* soundtouch_config.h */ = {isa = PBXFileReference; fileEncoding = 4; lastKnownFileType = sourcecode.c.h; path = soundtouch_config.h; sourceTree = "<group>"; };
		287F35E22CDA285000DEFE0A /* soundtouch_config.h.in */ = {isa = PBXFileReference; fileEncoding = 4; lastKnownFileType = text; path = soundtouch_config.h.in; sourceTree = "<group>"; };
		287F35E32CDA285000DEFE0A /* SoundTouch.h */ = {isa = PBXFileReference; fileEncoding = 4; lastKnownFileType = sourcecode.c.h; path = SoundTouch.h; sourceTree = "<group>"; };
		287F35E42CDA285000DEFE0A /* STTypes.h */ = {isa = PBXFileReference; fileEncoding = 4; lastKnownFileType = sourcecode.c.h; path = STTypes.h; sourceTree = "<group>"; };
		287F368B2CDA2B1B00DEFE0A /* SoundTouch.h */ = {isa = PBXFileReference; fileEncoding = 4; lastKnownFileType = sourcecode.c.h; name = SoundTouch.h; path = ../SoundTouch.h; sourceTree = "<group>"; };
		287F368C2CDA2B1B00DEFE0A /* SoundTouch.mm */ = {isa = PBXFileReference; fileEncoding = 4; lastKnownFileType = sourcecode.cpp.objcpp; name = SoundTouch.mm; path = ../SoundTouch.mm; sourceTree = "<group>"; };
/* End PBXFileReference section */

/* Begin PBXFrameworksBuildPhase section */
		287F34CC2CDA27D300DEFE0A /* Frameworks */ = {
			isa = PBXFrameworksBuildPhase;
			buildActionMask = 2147483647;
			files = (
			);
			runOnlyForDeploymentPostprocessing = 0;
		};
/* End PBXFrameworksBuildPhase section */

/* Begin PBXGroup section */
		287F34C62CDA27D300DEFE0A = {
			isa = PBXGroup;
			children = (
				287F35E52CDA285000DEFE0A /* include */,
				287F35CB2CDA284200DEFE0A /* SoundTouch */,
				287F368B2CDA2B1B00DEFE0A /* SoundTouch.h */,
				287F368C2CDA2B1B00DEFE0A /* SoundTouch.mm */,
				287F34D02CDA27D300DEFE0A /* Products */,
			);
			sourceTree = "<group>";
		};
		287F34D02CDA27D300DEFE0A /* Products */ = {
			isa = PBXGroup;
			children = (
				287F34CF2CDA27D300DEFE0A /* SoundTouch-Mac.bundle */,
			);
			name = Products;
			sourceTree = "<group>";
		};
		287F35CB2CDA284200DEFE0A /* SoundTouch */ = {
			isa = PBXGroup;
			children = (
				287F35B12CDA284200DEFE0A /* AAFilter.cpp */,
				287F35B22CDA284200DEFE0A /* AAFilter.h */,
				287F35B32CDA284200DEFE0A /* BPMDetect.cpp */,
				287F35B42CDA284200DEFE0A /* cpu_detect_x86.cpp */,
				287F35B52CDA284200DEFE0A /* cpu_detect.h */,
				287F35B62CDA284200DEFE0A /* FIFOSampleBuffer.cpp */,
				287F35B72CDA284200DEFE0A /* FIRFilter.cpp */,
				287F35B82CDA284200DEFE0A /* FIRFilter.h */,
				287F35B92CDA284200DEFE0A /* InterpolateCubic.cpp */,
				287F35BA2CDA284200DEFE0A /* InterpolateCubic.h */,
				287F35BB2CDA284200DEFE0A /* InterpolateLinear.cpp */,
				287F35BC2CDA284200DEFE0A /* InterpolateLinear.h */,
				287F35BD2CDA284200DEFE0A /* InterpolateShannon.cpp */,
				287F35BE2CDA284200DEFE0A /* InterpolateShannon.h */,
				287F35BF2CDA284200DEFE0A /* Makefile.am */,
				287F35C02CDA284200DEFE0A /* mmx_optimized.cpp */,
				287F35C12CDA284200DEFE0A /* PeakFinder.cpp */,
				287F35C22CDA284200DEFE0A /* PeakFinder.h */,
				287F35C32CDA284200DEFE0A /* RateTransposer.cpp */,
				287F35C42CDA284200DEFE0A /* RateTransposer.h */,
				287F35C52CDA284200DEFE0A /* SoundTouch.cpp */,
				287F35C62CDA284200DEFE0A /* SoundTouch.sln */,
				287F35C72CDA284200DEFE0A /* SoundTouch.vcxproj */,
				287F35C82CDA284200DEFE0A /* sse_optimized.cpp */,
				287F35C92CDA284200DEFE0A /* TDStretch.cpp */,
				287F35CA2CDA284200DEFE0A /* TDStretch.h */,
			);
			name = SoundTouch;
			path = ../../soundtouch/source/SoundTouch;
			sourceTree = "<group>";
		};
		287F35E52CDA285000DEFE0A /* include */ = {
			isa = PBXGroup;
			children = (
				287F35DD2CDA285000DEFE0A /* BPMDetect.h */,
				287F35DE2CDA285000DEFE0A /* FIFOSampleBuffer.h */,
				287F35DF2CDA285000DEFE0A /* FIFOSamplePipe.h */,
				287F35E02CDA285000DEFE0A /* Makefile.am */,
				287F35E12CDA285000DEFE0A /* soundtouch_config.h */,
				287F35E22CDA285000DEFE0A /* soundtouch_config.h.in */,
				287F35E32CDA285000DEFE0A /* SoundTouch.h */,
				287F35E42CDA285000DEFE0A /* STTypes.h */,
			);
			name = include;
			path = ../../soundtouch/include;
			sourceTree = "<group>";
		};
/* End PBXGroup section */

/* Begin PBXNativeTarget section */
		287F34CE2CDA27D300DEFE0A /* SoundTouch-Mac */ = {
			isa = PBXNativeTarget;
			buildConfigurationList = 287F34D32CDA27D300DEFE0A /* Build configuration list for PBXNativeTarget "SoundTouch-Mac" */;
			buildPhases = (
				287F34CB2CDA27D300DEFE0A /* Sources */,
				287F34CC2CDA27D300DEFE0A /* Frameworks */,
				287F34CD2CDA27D300DEFE0A /* Resources */,
			);
			buildRules = (
			);
			dependencies = (
			);
			name = "SoundTouch-Mac";
			productName = "SoundTouch-Mac";
			productReference = 287F34CF2CDA27D300DEFE0A /* SoundTouch-Mac.bundle */;
			productType = "com.apple.product-type.bundle";
		};
/* End PBXNativeTarget section */

/* Begin PBXProject section */
		287F34C72CDA27D300DEFE0A /* Project object */ = {
			isa = PBXProject;
			attributes = {
				BuildIndependentTargetsInParallel = 1;
				LastUpgradeCheck = 1530;
				TargetAttributes = {
					287F34CE2CDA27D300DEFE0A = {
						CreatedOnToolsVersion = 15.3;
					};
				};
			};
			buildConfigurationList = 287F34CA2CDA27D300DEFE0A /* Build configuration list for PBXProject "SoundTouch-Mac" */;
			compatibilityVersion = "Xcode 14.0";
			developmentRegion = en;
			hasScannedForEncodings = 0;
			knownRegions = (
				en,
				Base,
			);
			mainGroup = 287F34C62CDA27D300DEFE0A;
			productRefGroup = 287F34D02CDA27D300DEFE0A /* Products */;
			projectDirPath = "";
			projectRoot = "";
			targets = (
				287F34CE2CDA27D300DEFE0A /* SoundTouch-Mac */,
			);
		};
/* End PBXProject section */

/* Begin PBXResourcesBuildPhase section */
		287F34CD2CDA27D300DEFE0A /* Resources */ = {
			isa = PBXResourcesBuildPhase;
			buildActionMask = 2147483647;
			files = (
			);
			runOnlyForDeploymentPostprocessing = 0;
		};
/* End PBXResourcesBuildPhase section */

/* Begin PBXSourcesBuildPhase section */
		287F34CB2CDA27D300DEFE0A /* Sources */ = {
			isa = PBXSourcesBuildPhase;
			buildActionMask = 2147483647;
			files = (
				287F35D82CDA284200DEFE0A /* SoundTouch.cpp in Sources */,
				287F35D52CDA284200DEFE0A /* mmx_optimized.cpp in Sources */,
				287F35DC2CDA284200DEFE0A /* TDStretch.cpp in Sources */,
				287F35D32CDA284200DEFE0A /* InterpolateShannon.cpp in Sources */,
				287F35D22CDA284200DEFE0A /* InterpolateLinear.cpp in Sources */,
				287F35CE2CDA284200DEFE0A /* cpu_detect_x86.cpp in Sources */,
				287F35D72CDA284200DEFE0A /* RateTransposer.cpp in Sources */,
				287F35CF2CDA284200DEFE0A /* FIFOSampleBuffer.cpp in Sources */,
				287F35DB2CDA284200DEFE0A /* sse_optimized.cpp in Sources */,
				287F35CD2CDA284200DEFE0A /* BPMDetect.cpp in Sources */,
				287F35D02CDA284200DEFE0A /* FIRFilter.cpp in Sources */,
				287F35D12CDA284200DEFE0A /* InterpolateCubic.cpp in Sources */,
				287F35CC2CDA284200DEFE0A /* AAFilter.cpp in Sources */,
				287F35D62CDA284200DEFE0A /* PeakFinder.cpp in Sources */,
				287F368D2CDA2B1B00DEFE0A /* SoundTouch.mm in Sources */,
			);
			runOnlyForDeploymentPostprocessing = 0;
		};
/* End PBXSourcesBuildPhase section */

/* Begin XCBuildConfiguration section */
		287F34D12CDA27D300DEFE0A /* Debug */ = {
			isa = XCBuildConfiguration;
			buildSettings = {
				ALWAYS_SEARCH_USER_PATHS = NO;
				ASSETCATALOG_COMPILER_GENERATE_SWIFT_ASSET_SYMBOL_EXTENSIONS = YES;
				CLANG_ANALYZER_NONNULL = YES;
				CLANG_ANALYZER_NUMBER_OBJECT_CONVERSION = YES_AGGRESSIVE;
				CLANG_CXX_LANGUAGE_STANDARD = "gnu++20";
				CLANG_ENABLE_MODULES = YES;
				CLANG_ENABLE_OBJC_ARC = YES;
				CLANG_ENABLE_OBJC_WEAK = YES;
				CLANG_WARN_BLOCK_CAPTURE_AUTORELEASING = YES;
				CLANG_WARN_BOOL_CONVERSION = YES;
				CLANG_WARN_COMMA = YES;
				CLANG_WARN_CONSTANT_CONVERSION = YES;
				CLANG_WARN_DEPRECATED_OBJC_IMPLEMENTATIONS = YES;
				CLANG_WARN_DIRECT_OBJC_ISA_USAGE = YES_ERROR;
				CLANG_WARN_DOCUMENTATION_COMMENTS = YES;
				CLANG_WARN_EMPTY_BODY = YES;
				CLANG_WARN_ENUM_CONVERSION = YES;
				CLANG_WARN_INFINITE_RECURSION = YES;
				CLANG_WARN_INT_CONVERSION = YES;
				CLANG_WARN_NON_LITERAL_NULL_CONVERSION = YES;
				CLANG_WARN_OBJC_IMPLICIT_RETAIN_SELF = YES;
				CLANG_WARN_OBJC_LITERAL_CONVERSION = YES;
				CLANG_WARN_OBJC_ROOT_CLASS = YES_ERROR;
				CLANG_WARN_QUOTED_INCLUDE_IN_FRAMEWORK_HEADER = YES;
				CLANG_WARN_RANGE_LOOP_ANALYSIS = YES;
				CLANG_WARN_STRICT_PROTOTYPES = YES;
				CLANG_WARN_SUSPICIOUS_MOVE = YES;
				CLANG_WARN_UNGUARDED_AVAILABILITY = YES_AGGRESSIVE;
				CLANG_WARN_UNREACHABLE_CODE = YES;
				CLANG_WARN__DUPLICATE_METHOD_MATCH = YES;
				COPY_PHASE_STRIP = NO;
				DEBUG_INFORMATION_FORMAT = dwarf;
				ENABLE_STRICT_OBJC_MSGSEND = YES;
				ENABLE_TESTABILITY = YES;
				ENABLE_USER_SCRIPT_SANDBOXING = YES;
				GCC_C_LANGUAGE_STANDARD = gnu17;
				GCC_DYNAMIC_NO_PIC = NO;
				GCC_NO_COMMON_BLOCKS = YES;
				GCC_OPTIMIZATION_LEVEL = 0;
				GCC_PREPROCESSOR_DEFINITIONS = (
					"DEBUG=1",
					"$(inherited)",
				);
				GCC_WARN_64_TO_32_BIT_CONVERSION = YES;
				GCC_WARN_ABOUT_RETURN_TYPE = YES_ERROR;
				GCC_WARN_UNDECLARED_SELECTOR = YES;
				GCC_WARN_UNINITIALIZED_AUTOS = YES_AGGRESSIVE;
				GCC_WARN_UNUSED_FUNCTION = YES;
				GCC_WARN_UNUSED_VARIABLE = YES;
				LOCALIZATION_PREFERS_STRING_CATALOGS = YES;
				MACOSX_DEPLOYMENT_TARGET = 14.4;
				MTL_ENABLE_DEBUG_INFO = INCLUDE_SOURCE;
				MTL_FAST_MATH = YES;
				ONLY_ACTIVE_ARCH = YES;
				SDKROOT = macosx;
			};
			name = Debug;
		};
		287F34D22CDA27D300DEFE0A /* Release */ = {
			isa = XCBuildConfiguration;
			buildSettings = {
				ALWAYS_SEARCH_USER_PATHS = NO;
				ASSETCATALOG_COMPILER_GENERATE_SWIFT_ASSET_SYMBOL_EXTENSIONS = YES;
				CLANG_ANALYZER_NONNULL = YES;
				CLANG_ANALYZER_NUMBER_OBJECT_CONVERSION = YES_AGGRESSIVE;
				CLANG_CXX_LANGUAGE_STANDARD = "gnu++20";
				CLANG_ENABLE_MODULES = YES;
				CLANG_ENABLE_OBJC_ARC = YES;
				CLANG_ENABLE_OBJC_WEAK = YES;
				CLANG_WARN_BLOCK_CAPTURE_AUTORELEASING = YES;
				CLANG_WARN_BOOL_CONVERSION = YES;
				CLANG_WARN_COMMA = YES;
				CLANG_WARN_CONSTANT_CONVERSION = YES;
				CLANG_WARN_DEPRECATED_OBJC_IMPLEMENTATIONS = YES;
				CLANG_WARN_DIRECT_OBJC_ISA_USAGE = YES_ERROR;
				CLANG_WARN_DOCUMENTATION_COMMENTS = YES;
				CLANG_WARN_EMPTY_BODY = YES;
				CLANG_WARN_ENUM_CONVERSION = YES;
				CLANG_WARN_INFINITE_RECURSION = YES;
				CLANG_WARN_INT_CONVERSION = YES;
				CLANG_WARN_NON_LITERAL_NULL_CONVERSION = YES;
				CLANG_WARN_OBJC_IMPLICIT_RETAIN_SELF = YES;
				CLANG_WARN_OBJC_LITERAL_CONVERSION = YES;
				CLANG_WARN_OBJC_ROOT_CLASS = YES_ERROR;
				CLANG_WARN_QUOTED_INCLUDE_IN_FRAMEWORK_HEADER = YES;
				CLANG_WARN_RANGE_LOOP_ANALYSIS = YES;
				CLANG_WARN_STRICT_PROTOTYPES = YES;
				CLANG_WARN_SUSPICIOUS_MOVE = YES;
				CLANG_WARN_UNGUARDED_AVAILABILITY = YES_AGGRESSIVE;
				CLANG_WARN_UNREACHABLE_CODE = YES;
				CLANG_WARN__DUPLICATE_METHOD_MATCH = YES;
				COPY_PHASE_STRIP = NO;
				DEBUG_INFORMATION_FORMAT = "dwarf-with-dsym";
				ENABLE_NS_ASSERTIONS = NO;
				ENABLE_STRICT_OBJC_MSGSEND = YES;
				ENABLE_USER_SCRIPT_SANDBOXING = YES;
				GCC_C_LANGUAGE_STANDARD = gnu17;
				GCC_NO_COMMON_BLOCKS = YES;
				GCC_WARN_64_TO_32_BIT_CONVERSION = YES;
				GCC_WARN_ABOUT_RETURN_TYPE = YES_ERROR;
				GCC_WARN_UNDECLARED_SELECTOR = YES;
				GCC_WARN_UNINITIALIZED_AUTOS = YES_AGGRESSIVE;
				GCC_WARN_UNUSED_FUNCTION = YES;
				GCC_WARN_UNUSED_VARIABLE = YES;
				LOCALIZATION_PREFERS_STRING_CATALOGS = YES;
				MACOSX_DEPLOYMENT_TARGET = 14.4;
				MTL_ENABLE_DEBUG_INFO = NO;
				MTL_FAST_MATH = YES;
				SDKROOT = macosx;
			};
			name = Release;
		};
		287F34D42CDA27D300DEFE0A /* Debug */ = {
			isa = XCBuildConfiguration;
			buildSettings = {
				CODE_SIGN_STYLE = Automatic;
				COMBINE_HIDPI_IMAGES = YES;
				CURRENT_PROJECT_VERSION = 1;
				GENERATE_INFOPLIST_FILE = YES;
				INFOPLIST_KEY_NSHumanReadableCopyright = "";
				INFOPLIST_KEY_NSPrincipalClass = "";
				INSTALL_PATH = "$(LOCAL_LIBRARY_DIR)/Bundles";
				MARKETING_VERSION = 1.0;
				PRODUCT_BUNDLE_IDENTIFIER = "com.tl.SoundTouch-Mac";
				PRODUCT_NAME = "$(TARGET_NAME)";
				SKIP_INSTALL = YES;
				SWIFT_EMIT_LOC_STRINGS = YES;
				WRAPPER_EXTENSION = bundle;
			};
			name = Debug;
		};
		287F34D52CDA27D300DEFE0A /* Release */ = {
			isa = XCBuildConfiguration;
			buildSettings = {
				CODE_SIGN_STYLE = Automatic;
				COMBINE_HIDPI_IMAGES = YES;
				CURRENT_PROJECT_VERSION = 1;
				GENERATE_INFOPLIST_FILE = YES;
				INFOPLIST_KEY_NSHumanReadableCopyright = "";
				INFOPLIST_KEY_NSPrincipalClass = "";
				INSTALL_PATH = "$(LOCAL_LIBRARY_DIR)/Bundles";
				MARKETING_VERSION = 1.0;
				PRODUCT_BUNDLE_IDENTIFIER = "com.tl.SoundTouch-Mac";
				PRODUCT_NAME = "$(TARGET_NAME)";
				SKIP_INSTALL = YES;
				SWIFT_EMIT_LOC_STRINGS = YES;
				WRAPPER_EXTENSION = bundle;
			};
			name = Release;
		};
/* End XCBuildConfiguration section */

/* Begin XCConfigurationList section */
		287F34CA2CDA27D300DEFE0A /* Build configuration list for PBXProject "SoundTouch-Mac" */ = {
			isa = XCConfigurationList;
			buildConfigurations = (
				287F34D12CDA27D300DEFE0A /* Debug */,
				287F34D22CDA27D300DEFE0A /* Release */,
			);
			defaultConfigurationIsVisible = 0;
			defaultConfigurationName = Release;
		};
		287F34D32CDA27D300DEFE0A /* Build configuration list for PBXNativeTarget "SoundTouch-Mac" */ = {
			isa = XCConfigurationList;
			buildConfigurations = (
				287F34D42CDA27D300DEFE0A /* Debug */,
				287F34D52CDA27D300DEFE0A /* Release */,
			);
			defaultConfigurationIsVisible = 0;
			defaultConfigurationName = Release;
		};
/* End XCConfigurationList section */
	};
	rootObject = 287F34C72CDA27D300DEFE0A /* Project object */;
}
